
Microsoft Visual Studio Solution File, Format Version 11.00
# Visual Studio 2010
Project("{FAE04EC0-301F-11D3-BF4B-00C04F79EFBC}") = "AllIn13DShaderAssemebly.Editor", "AllIn13DShaderAssemebly.Editor.csproj", "{b259a26a-adb8-47f8-508c-959ced0c16c0}"
EndProject
Project("{FAE04EC0-301F-11D3-BF4B-00C04F79EFBC}") = "SampleAssembly", "SampleAssembly.csproj", "{c4c123b4-ccc4-b221-c188-bedb482cfb22}"
EndProject
Project("{FAE04EC0-301F-11D3-BF4B-00C04F79EFBC}") = "Game", "Game.csproj", "{4cafec0c-e14f-eea6-5faa-9e6c636f48fa}"
EndProject
Project("{FAE04EC0-301F-11D3-BF4B-00C04F79EFBC}") = "Modules.UI", "Modules.UI.csproj", "{3b180ba0-8687-44a5-109c-8e2ad4ef6ba6}"
EndProject
Project("{FAE04EC0-301F-11D3-BF4B-00C04F79EFBC}") = "Assembly-CSharp-firstpass", "Assembly-CSharp-firstpass.csproj", "{ac872b5a-e1fa-2b12-e738-423760cfc0e1}"
EndProject
Project("{FAE04EC0-301F-11D3-BF4B-00C04F79EFBC}") = "Assembly-CSharp", "Assembly-CSharp.csproj", "{847b8bbd-29fc-971d-2fbe-70577c91ae39}"
EndProject
Project("{FAE04EC0-301F-11D3-BF4B-00C04F79EFBC}") = "Modules.Utils", "Modules.Utils.csproj", "{0ea79a50-482e-2d36-736c-df999151ea10}"
EndProject
Project("{FAE04EC0-301F-11D3-BF4B-00C04F79EFBC}") = "AllIn13DShaderDemoScriptsAssembly", "AllIn13DShaderDemoScriptsAssembly.csproj", "{b55224f2-17c3-a969-25c9-3e551417ad48}"
EndProject
Project("{FAE04EC0-301F-11D3-BF4B-00C04F79EFBC}") = "Assembly-CSharp-Editor", "Assembly-CSharp-Editor.csproj", "{bfdcdf61-e43a-8c09-6925-654714c8a0d2}"
EndProject
Project("{FAE04EC0-301F-11D3-BF4B-00C04F79EFBC}") = "AllIn13DShaderAssemebly", "AllIn13DShaderAssemebly.csproj", "{08f5b76d-1be5-a05f-07f7-faa380b50589}"
EndProject
Project("{FAE04EC0-301F-11D3-BF4B-00C04F79EFBC}") = "SimpleFolderIcon", "SimpleFolderIcon.csproj", "{13336a09-5dad-6faa-3998-c4e7918cffc5}"
EndProject
Global
	GlobalSection(SolutionConfigurationPlatforms) = preSolution
		Debug|Any CPU = Debug|Any CPU
	EndGlobalSection
	GlobalSection(ProjectConfigurationPlatforms) = postSolution
		{b259a26a-adb8-47f8-508c-959ced0c16c0}.Debug|Any CPU.ActiveCfg = Debug|Any CPU
		{b259a26a-adb8-47f8-508c-959ced0c16c0}.Debug|Any CPU.Build.0 = Debug|Any CPU
		{c4c123b4-ccc4-b221-c188-bedb482cfb22}.Debug|Any CPU.ActiveCfg = Debug|Any CPU
		{c4c123b4-ccc4-b221-c188-bedb482cfb22}.Debug|Any CPU.Build.0 = Debug|Any CPU
		{4cafec0c-e14f-eea6-5faa-9e6c636f48fa}.Debug|Any CPU.ActiveCfg = Debug|Any CPU
		{4cafec0c-e14f-eea6-5faa-9e6c636f48fa}.Debug|Any CPU.Build.0 = Debug|Any CPU
		{3b180ba0-8687-44a5-109c-8e2ad4ef6ba6}.Debug|Any CPU.ActiveCfg = Debug|Any CPU
		{3b180ba0-8687-44a5-109c-8e2ad4ef6ba6}.Debug|Any CPU.Build.0 = Debug|Any CPU
		{ac872b5a-e1fa-2b12-e738-423760cfc0e1}.Debug|Any CPU.ActiveCfg = Debug|Any CPU
		{ac872b5a-e1fa-2b12-e738-423760cfc0e1}.Debug|Any CPU.Build.0 = Debug|Any CPU
		{847b8bbd-29fc-971d-2fbe-70577c91ae39}.Debug|Any CPU.ActiveCfg = Debug|Any CPU
		{847b8bbd-29fc-971d-2fbe-70577c91ae39}.Debug|Any CPU.Build.0 = Debug|Any CPU
		{0ea79a50-482e-2d36-736c-df999151ea10}.Debug|Any CPU.ActiveCfg = Debug|Any CPU
		{0ea79a50-482e-2d36-736c-df999151ea10}.Debug|Any CPU.Build.0 = Debug|Any CPU
		{b55224f2-17c3-a969-25c9-3e551417ad48}.Debug|Any CPU.ActiveCfg = Debug|Any CPU
		{b55224f2-17c3-a969-25c9-3e551417ad48}.Debug|Any CPU.Build.0 = Debug|Any CPU
		{bfdcdf61-e43a-8c09-6925-654714c8a0d2}.Debug|Any CPU.ActiveCfg = Debug|Any CPU
		{bfdcdf61-e43a-8c09-6925-654714c8a0d2}.Debug|Any CPU.Build.0 = Debug|Any CPU
		{08f5b76d-1be5-a05f-07f7-faa380b50589}.Debug|Any CPU.ActiveCfg = Debug|Any CPU
		{08f5b76d-1be5-a05f-07f7-faa380b50589}.Debug|Any CPU.Build.0 = Debug|Any CPU
		{13336a09-5dad-6faa-3998-c4e7918cffc5}.Debug|Any CPU.ActiveCfg = Debug|Any CPU
		{13336a09-5dad-6faa-3998-c4e7918cffc5}.Debug|Any CPU.Build.0 = Debug|Any CPU
	EndGlobalSection
	GlobalSection(SolutionProperties) = preSolution
		HideSolutionNode = FALSE
	EndGlobalSection
EndGlobal
